{
  "object": {
    "pins": [
      {
        "package": "t",
        "repositoryURL": "https://github.com/0xOpenBytes/t",
        "state": {
          "branch": null,
          "revision": "78294df737c524f40267bca42beb8e10ca28aa41",
          "version": "0.2.0"
        }
      }
    ]
  },
  "version": 1
}
